<?xml version="1.0" encoding="utf-8"?>
<Project ToolsVersion="4.0" xmlns="http://schemas.microsoft.com/developer/msbuild/2003">
  <ItemGroup>
    <Filter Include="00. Engine">
      <UniqueIdentifier>{086f5d7e-f5b6-41aa-bc7a-043ad854a178}</UniqueIdentifier>
    </Filter>
    <Filter Include="01. Graphics">
      <UniqueIdentifier>{f1f68997-ed29-43e7-b6e1-71872bf60c10}</UniqueIdentifier>
    </Filter>
    <Filter Include="02. Managers">
      <UniqueIdentifier>{cb0b0e23-7860-410a-9914-ae969fcb82d8}</UniqueIdentifier>
    </Filter>
    <Filter Include="03. GameObject">
      <UniqueIdentifier>{20715db4-00c3-4983-8c20-13767292eefd}</UniqueIdentifier>
    </Filter>
    <Filter Include="04. Component">
      <UniqueIdentifier>{8c256626-f610-4b41-8a48-0c3f120e636d}</UniqueIdentifier>
    </Filter>
    <Filter Include="99. Headers">
      <UniqueIdentifier>{2599d0f9-64ed-444f-9f8f-82f8e5430ba8}</UniqueIdentifier>
    </Filter>
    <Filter Include="98. Utils">
      <UniqueIdentifier>{a2e399a8-c6e4-4e65-8afd-6ad147a514e4}</UniqueIdentifier>
    </Filter>
    <Filter Include="01. Graphics\Buffer">
      <UniqueIdentifier>{89d2a415-a4d6-4af0-95a6-72da72830666}</UniqueIdentifier>
    </Filter>
    <Filter Include="01. Graphics\Shader">
      <UniqueIdentifier>{45e301bd-08ab-4412-95fc-6a44fa6d449e}</UniqueIdentifier>
    </Filter>
    <Filter Include="00. Engine\Resource">
      <UniqueIdentifier>{7380316a-f64a-4b82-81fe-58b5e432dd5d}</UniqueIdentifier>
    </Filter>
    <Filter Include="00. Engine\Resource\Model">
      <UniqueIdentifier>{50589ee2-d841-462e-84e0-275df1bbfbcf}</UniqueIdentifier>
    </Filter>
    <Filter Include="98. Utils\ImGUI">
      <UniqueIdentifier>{9f28f88c-292c-4613-8214-24f19c79312a}</UniqueIdentifier>
    </Filter>
    <Filter Include="05.ComputeShader">
      <UniqueIdentifier>{c58bf4b7-8cfc-49bb-8eb7-c544cd0f9818}</UniqueIdentifier>
    </Filter>
    <Filter Include="05.ComputeShader\Buffer">
      <UniqueIdentifier>{cd42e220-98b6-4fdf-8477-24f1a141b82f}</UniqueIdentifier>
    </Filter>
    <Filter Include="04. Component\Collision">
      <UniqueIdentifier>{ec13c282-f876-4ff3-825e-38b6c862df1a}</UniqueIdentifier>
    </Filter>
  </ItemGroup>
  <ItemGroup>
    <ClCompile Include="pch.cpp">
      <Filter>99. Headers</Filter>
    </ClCompile>
    <ClCompile Include="SimpleMath.cpp">
      <Filter>98. Utils</Filter>
    </ClCompile>
    <ClCompile Include="tinyxml2.cpp">
      <Filter>98. Utils</Filter>
    </ClCompile>
    <ClCompile Include="Utils.cpp">
      <Filter>98. Utils</Filter>
    </ClCompile>
    <ClCompile Include="InputManager.cpp">
      <Filter>02. Managers</Filter>
    </ClCompile>
    <ClCompile Include="TimeManager.cpp">
      <Filter>02. Managers</Filter>
    </ClCompile>
    <ClCompile Include="Graphics.cpp">
      <Filter>02. Managers</Filter>
    </ClCompile>
    <ClCompile Include="Game.cpp">
      <Filter>02. Managers</Filter>
    </ClCompile>
    <ClCompile Include="ResourceManager.cpp">
      <Filter>02. Managers</Filter>
    </ClCompile>
    <ClCompile Include="IExecute.cpp">
      <Filter>00. Engine</Filter>
    </ClCompile>
    <ClCompile Include="ConstantBuffer.cpp">
      <Filter>01. Graphics\Buffer</Filter>
    </ClCompile>
    <ClCompile Include="Geometry.cpp">
      <Filter>01. Graphics\Buffer</Filter>
    </ClCompile>
    <ClCompile Include="IndexBuffer.cpp">
      <Filter>01. Graphics\Buffer</Filter>
    </ClCompile>
    <ClCompile Include="VertexBuffer.cpp">
      <Filter>01. Graphics\Buffer</Filter>
    </ClCompile>
    <ClCompile Include="VertexData.cpp">
      <Filter>01. Graphics\Buffer</Filter>
    </ClCompile>
    <ClCompile Include="Technique.cpp">
      <Filter>01. Graphics\Shader</Filter>
    </ClCompile>
    <ClCompile Include="Pass.cpp">
      <Filter>01. Graphics\Shader</Filter>
    </ClCompile>
    <ClCompile Include="Shader.cpp">
      <Filter>01. Graphics\Shader</Filter>
    </ClCompile>
    <ClCompile Include="ResourceBase.cpp">
      <Filter>00. Engine\Resource</Filter>
    </ClCompile>
    <ClCompile Include="Texture.cpp">
      <Filter>00. Engine\Resource</Filter>
    </ClCompile>
    <ClCompile Include="GeometryHelper.cpp">
      <Filter>01. Graphics\Buffer</Filter>
    </ClCompile>
    <ClCompile Include="Component.cpp">
      <Filter>04. Component</Filter>
    </ClCompile>
    <ClCompile Include="GameObject.cpp">
      <Filter>03. GameObject</Filter>
    </ClCompile>
    <ClCompile Include="Transform.cpp">
      <Filter>04. Component</Filter>
    </ClCompile>
    <ClCompile Include="MonoBehaviour.cpp">
      <Filter>04. Component</Filter>
    </ClCompile>
    <ClCompile Include="Camera.cpp">
      <Filter>04. Component</Filter>
    </ClCompile>
    <ClCompile Include="Mesh.cpp">
      <Filter>00. Engine\Resource</Filter>
    </ClCompile>
    <ClCompile Include="MeshRenderer.cpp">
      <Filter>04. Component</Filter>
    </ClCompile>
    <ClCompile Include="Material.cpp">
      <Filter>00. Engine\Resource</Filter>
    </ClCompile>
    <ClCompile Include="Frustum.cpp">
      <Filter>04. Component</Filter>
    </ClCompile>
    <ClCompile Include="FileUtils.cpp">
      <Filter>98. Utils</Filter>
    </ClCompile>
    <ClCompile Include="Model.cpp">
      <Filter>00. Engine\Resource\Model</Filter>
    </ClCompile>
    <ClCompile Include="ModelMesh.cpp">
      <Filter>00. Engine\Resource\Model</Filter>
    </ClCompile>
    <ClCompile Include="ModelRenderer.cpp">
      <Filter>04. Component</Filter>
    </ClCompile>
    <ClCompile Include="imgui.cpp">
      <Filter>98. Utils\ImGUI</Filter>
    </ClCompile>
    <ClCompile Include="imgui_demo.cpp">
      <Filter>98. Utils\ImGUI</Filter>
    </ClCompile>
    <ClCompile Include="imgui_draw.cpp">
      <Filter>98. Utils\ImGUI</Filter>
    </ClCompile>
    <ClCompile Include="imgui_impl_dx11.cpp">
      <Filter>98. Utils\ImGUI</Filter>
    </ClCompile>
    <ClCompile Include="imgui_impl_win32.cpp">
      <Filter>98. Utils\ImGUI</Filter>
    </ClCompile>
    <ClCompile Include="imgui_tables.cpp">
      <Filter>98. Utils\ImGUI</Filter>
    </ClCompile>
    <ClCompile Include="imgui_widgets.cpp">
      <Filter>98. Utils\ImGUI</Filter>
    </ClCompile>
    <ClCompile Include="ImGuiManager.cpp">
      <Filter>02. Managers</Filter>
    </ClCompile>
    <ClCompile Include="ModelAnimation.cpp">
      <Filter>00. Engine\Resource\Model</Filter>
    </ClCompile>
    <ClCompile Include="ModelAnimator.cpp">
      <Filter>04. Component</Filter>
    </ClCompile>
    <ClCompile Include="InstancingManager.cpp">
      <Filter>02. Managers</Filter>
    </ClCompile>
    <ClCompile Include="InstancingBuffer.cpp">
      <Filter>01. Graphics\Buffer</Filter>
    </ClCompile>
    <ClCompile Include="Light.cpp">
      <Filter>04. Component</Filter>
    </ClCompile>
    <ClCompile Include="SceneManager.cpp">
      <Filter>02. Managers</Filter>
    </ClCompile>
    <ClCompile Include="Scene.cpp">
      <Filter>02. Managers</Filter>
    </ClCompile>
    <ClCompile Include="RawBuffer.cpp">
      <Filter>05.ComputeShader\Buffer</Filter>
    </ClCompile>
    <ClCompile Include="TextureBuffer.cpp">
      <Filter>05.ComputeShader\Buffer</Filter>
    </ClCompile>
    <ClCompile Include="StructuredBuffer.cpp">
      <Filter>05.ComputeShader\Buffer</Filter>
    </ClCompile>
    <ClCompile Include="BindShaderDesc.cpp">
      <Filter>98. Utils</Filter>
    </ClCompile>
    <ClCompile Include="Viewport.cpp">
      <Filter>01. Graphics</Filter>
    </ClCompile>
    <ClCompile Include="BaseCollider.cpp">
      <Filter>04. Component\Collision</Filter>
    </ClCompile>
    <ClCompile Include="SphereCollider.cpp">
      <Filter>04. Component\Collision</Filter>
    </ClCompile>
  </ItemGroup>
  <ItemGroup>
    <ClInclude Include="pch.h">
      <Filter>99. Headers</Filter>
    </ClInclude>
    <ClInclude Include="Define.h">
      <Filter>99. Headers</Filter>
    </ClInclude>
    <ClInclude Include="EnginePch.h">
      <Filter>99. Headers</Filter>
    </ClInclude>
    <ClInclude Include="Types.h">
      <Filter>99. Headers</Filter>
    </ClInclude>
    <ClInclude Include="SimpleMath.h">
      <Filter>98. Utils</Filter>
    </ClInclude>
    <ClInclude Include="tinyxml2.h">
      <Filter>98. Utils</Filter>
    </ClInclude>
    <ClInclude Include="Utils.h">
      <Filter>98. Utils</Filter>
    </ClInclude>
    <ClInclude Include="InputManager.h">
      <Filter>02. Managers</Filter>
    </ClInclude>
    <ClInclude Include="TimeManager.h">
      <Filter>02. Managers</Filter>
    </ClInclude>
    <ClInclude Include="Graphics.h">
      <Filter>02. Managers</Filter>
    </ClInclude>
    <ClInclude Include="Game.h">
      <Filter>02. Managers</Filter>
    </ClInclude>
    <ClInclude Include="ResourceManager.h">
      <Filter>02. Managers</Filter>
    </ClInclude>
    <ClInclude Include="IExecute.h">
      <Filter>00. Engine</Filter>
    </ClInclude>
    <ClInclude Include="ConstantBuffer.h">
      <Filter>01. Graphics\Buffer</Filter>
    </ClInclude>
    <ClInclude Include="Geometry.h">
      <Filter>01. Graphics\Buffer</Filter>
    </ClInclude>
    <ClInclude Include="IndexBuffer.h">
      <Filter>01. Graphics\Buffer</Filter>
    </ClInclude>
    <ClInclude Include="VertexBuffer.h">
      <Filter>01. Graphics\Buffer</Filter>
    </ClInclude>
    <ClInclude Include="VertexData.h">
      <Filter>01. Graphics\Buffer</Filter>
    </ClInclude>
    <ClInclude Include="Technique.h">
      <Filter>01. Graphics\Shader</Filter>
    </ClInclude>
    <ClInclude Include="Pass.h">
      <Filter>01. Graphics\Shader</Filter>
    </ClInclude>
    <ClInclude Include="Shader.h">
      <Filter>01. Graphics\Shader</Filter>
    </ClInclude>
    <ClInclude Include="ResourceBase.h">
      <Filter>00. Engine\Resource</Filter>
    </ClInclude>
    <ClInclude Include="Texture.h">
      <Filter>00. Engine\Resource</Filter>
    </ClInclude>
    <ClInclude Include="GeometryHelper.h">
      <Filter>01. Graphics\Buffer</Filter>
    </ClInclude>
    <ClInclude Include="Component.h">
      <Filter>04. Component</Filter>
    </ClInclude>
    <ClInclude Include="GameObject.h">
      <Filter>03. GameObject</Filter>
    </ClInclude>
    <ClInclude Include="Transform.h">
      <Filter>04. Component</Filter>
    </ClInclude>
    <ClInclude Include="MonoBehaviour.h">
      <Filter>04. Component</Filter>
    </ClInclude>
    <ClInclude Include="Camera.h">
      <Filter>04. Component</Filter>
    </ClInclude>
    <ClInclude Include="Mesh.h">
      <Filter>00. Engine\Resource</Filter>
    </ClInclude>
    <ClInclude Include="MeshRenderer.h">
      <Filter>04. Component</Filter>
    </ClInclude>
    <ClInclude Include="Material.h">
      <Filter>00. Engine\Resource</Filter>
    </ClInclude>
    <ClInclude Include="Frustum.h">
      <Filter>04. Component</Filter>
    </ClInclude>
    <ClInclude Include="FileUtils.h">
      <Filter>98. Utils</Filter>
    </ClInclude>
    <ClInclude Include="Model.h">
      <Filter>00. Engine\Resource\Model</Filter>
    </ClInclude>
    <ClInclude Include="ModelMesh.h">
      <Filter>00. Engine\Resource\Model</Filter>
    </ClInclude>
    <ClInclude Include="ModelRenderer.h">
      <Filter>04. Component</Filter>
    </ClInclude>
    <ClInclude Include="imconfig.h">
      <Filter>98. Utils\ImGUI</Filter>
    </ClInclude>
    <ClInclude Include="imgui.h">
      <Filter>98. Utils\ImGUI</Filter>
    </ClInclude>
    <ClInclude Include="imgui_impl_dx11.h">
      <Filter>98. Utils\ImGUI</Filter>
    </ClInclude>
    <ClInclude Include="imgui_impl_win32.h">
      <Filter>98. Utils\ImGUI</Filter>
    </ClInclude>
    <ClInclude Include="imgui_internal.h">
      <Filter>98. Utils\ImGUI</Filter>
    </ClInclude>
    <ClInclude Include="imstb_rectpack.h">
      <Filter>98. Utils\ImGUI</Filter>
    </ClInclude>
    <ClInclude Include="imstb_textedit.h">
      <Filter>98. Utils\ImGUI</Filter>
    </ClInclude>
    <ClInclude Include="imstb_truetype.h">
      <Filter>98. Utils\ImGUI</Filter>
    </ClInclude>
    <ClInclude Include="ImGuiManager.h">
      <Filter>02. Managers</Filter>
    </ClInclude>
    <ClInclude Include="ModelAnimation.h">
      <Filter>00. Engine\Resource\Model</Filter>
    </ClInclude>
    <ClInclude Include="ModelAnimator.h">
      <Filter>04. Component</Filter>
    </ClInclude>
    <ClInclude Include="InstancingManager.h">
      <Filter>02. Managers</Filter>
    </ClInclude>
    <ClInclude Include="InstancingBuffer.h">
      <Filter>01. Graphics\Buffer</Filter>
    </ClInclude>
    <ClInclude Include="Light.h">
      <Filter>04. Component</Filter>
    </ClInclude>
    <ClInclude Include="SceneManager.h">
      <Filter>02. Managers</Filter>
    </ClInclude>
    <ClInclude Include="Scene.h">
      <Filter>02. Managers</Filter>
    </ClInclude>
    <ClInclude Include="RawBuffer.h">
      <Filter>05.ComputeShader\Buffer</Filter>
    </ClInclude>
    <ClInclude Include="TextureBuffer.h">
      <Filter>05.ComputeShader\Buffer</Filter>
    </ClInclude>
    <ClInclude Include="StructuredBuffer.h">
      <Filter>05.ComputeShader\Buffer</Filter>
    </ClInclude>
    <ClInclude Include="BindShaderDesc.h">
      <Filter>98. Utils</Filter>
    </ClInclude>
    <ClInclude Include="Viewport.h">
      <Filter>01. Graphics</Filter>
    </ClInclude>
    <ClInclude Include="BaseCollider.h">
      <Filter>04. Component\Collision</Filter>
    </ClInclude>
    <ClInclude Include="SphereCollider.h">
      <Filter>04. Component\Collision</Filter>
    </ClInclude>
  </ItemGroup>
  <ItemGroup>
    <None Include="SimpleMath.inl">
      <Filter>98. Utils</Filter>
    </None>
  </ItemGroup>
</Project>