<?xml version="1.0" encoding="utf-8"?>
<Project ToolsVersion="4.0" xmlns="http://schemas.microsoft.com/developer/msbuild/2003">
  <ItemGroup>
    <Filter Include="Game">
      <UniqueIdentifier>{a050ea6c-8792-45ab-967d-88e7d247b79a}</UniqueIdentifier>
    </Filter>
    <Filter Include="Main">
      <UniqueIdentifier>{aa11791a-9bc6-4e6a-a46b-1f509d1919da}</UniqueIdentifier>
    </Filter>
    <Filter Include="Shaders">
      <UniqueIdentifier>{02539ea9-f767-4074-b1a6-e5de995b06ad}</UniqueIdentifier>
    </Filter>
    <Filter Include="Main\Camera">
      <UniqueIdentifier>{59583bfb-afc5-49c1-bea5-7bdf96ee715c}</UniqueIdentifier>
    </Filter>
  </ItemGroup>
  <ItemGroup>
    <ClCompile Include="pch.cpp">
      <Filter>Main</Filter>
    </ClCompile>
    <ClCompile Include="Main.cpp">
      <Filter>Main</Filter>
    </ClCompile>
    <ClCompile Include="01. TriangleDemo.cpp">
      <Filter>Game</Filter>
    </ClCompile>
    <ClCompile Include="02. QuadDemo.cpp">
      <Filter>Game</Filter>
    </ClCompile>
    <ClCompile Include="03. ConstBufferDemo.cpp">
      <Filter>Game</Filter>
    </ClCompile>
    <ClCompile Include="04. CameraDemo.cpp">
      <Filter>Game</Filter>
    </ClCompile>
    <ClCompile Include="CameraScript.cpp">
      <Filter>Main\Camera</Filter>
    </ClCompile>
    <ClCompile Include="05. TextureDemo.cpp">
      <Filter>Game</Filter>
    </ClCompile>
  </ItemGroup>
  <ItemGroup>
    <ClInclude Include="pch.h">
      <Filter>Main</Filter>
    </ClInclude>
    <ClInclude Include="Main.h">
      <Filter>Main</Filter>
    </ClInclude>
    <ClInclude Include="01. TriangleDemo.h">
      <Filter>Game</Filter>
    </ClInclude>
    <ClInclude Include="02. QuadDemo.h">
      <Filter>Game</Filter>
    </ClInclude>
    <ClInclude Include="03. ConstBufferDemo.h">
      <Filter>Game</Filter>
    </ClInclude>
    <ClInclude Include="04. CameraDemo.h">
      <Filter>Game</Filter>
    </ClInclude>
    <ClInclude Include="CameraScript.h">
      <Filter>Main\Camera</Filter>
    </ClInclude>
    <ClInclude Include="05. TextureDemo.h">
      <Filter>Game</Filter>
    </ClInclude>
  </ItemGroup>
  <ItemGroup>
    <FxCompile Include="..\Shaders\01. Triangle.fx">
      <Filter>Shaders</Filter>
    </FxCompile>
    <FxCompile Include="..\Shaders\02. Quad.fx">
      <Filter>Shaders</Filter>
    </FxCompile>
    <FxCompile Include="..\Shaders\03. ConstBuffer.fx">
      <Filter>Shaders</Filter>
    </FxCompile>
    <FxCompile Include="..\Shaders\04. Texture.fx">
      <Filter>Shaders</Filter>
    </FxCompile>
  </ItemGroup>
</Project>